<Solution>
  <Folder Name="/src/" />
  <Folder Name="/src/BuildingBlock/">
    <Project Path="src/BuildingBlock/AirlineTicket.BuildingBlocks.Api/AirlineTicket.BuildingBlocks.Api.csproj" />
    <Project Path="src/BuildingBlock/AirlineTicket.BuildingBlocks.Application/AirlineTicket.BuildingBlocks.Application.csproj" />
    <Project Path="src/BuildingBlock/AirlineTicket.BuildingBlocks.Domain/AirlineTicket.BuildingBlocks.Domain.csproj" />
    <Project Path="src/BuildingBlock/AirlineTicket.BuildingBlocks.Infrastructure/AirlineTicket.BuildingBlocks.Infrastructure.csproj" />
  </Folder>
  <Folder Name="/src/Api/">
    <Project Path="src/Api/AirlineTicket.Api/AirlineTicket.Api.csproj" />
  </Folder>
  <Folder Name="/src/Realtime/">
    <Project Path="src/Realtime/AirlineTicket.SignalR/AirlineTicket.SignalR.csproj" />
  </Folder>
  <Folder Name="/src/Workers/">
    <Project Path="src/Workers/AirlineTicket.Worker/AirlineTicket.Worker.csproj" />
  </Folder>
  <Folder Name="/src/Modules/" />
  <Folder Name="/src/Modules/v1/" />
  <Folder Name="/src/Modules/v1/Bookings/">
    <Project Path="src/Modules/v1/Bookings/AirlineTicket.Modules.Bookings.Api/AirlineTicket.Modules.Bookings.Api.csproj" />
    <Project Path="src/Modules/v1/Bookings/AirlineTicket.Modules.Bookings.Application/AirlineTicket.Modules.Bookings.Application.csproj" />
    <Project Path="src/Modules/v1/Bookings/AirlineTicket.Modules.Bookings.Domain/AirlineTicket.Modules.Bookings.Domain.csproj" />
    <Project Path="src/Modules/v1/Bookings/AirlineTicket.Modules.Bookings.Infrastructure/AirlineTicket.Modules.Bookings.Infrastructure.csproj" />
  </Folder>
  <Folder Name="/src/Modules/v1/Flights/">
    <Project Path="src/Modules/v1/Flights/AirlineTicket.Modules.Flights.Api/AirlineTicket.Modules.Flights.Api.csproj" />
    <Project Path="src/Modules/v1/Flights/AirlineTicket.Modules.Flights.Application/AirlineTicket.Modules.Flights.Application.csproj" />
    <Project Path="src/Modules/v1/Flights/AirlineTicket.Modules.Flights.Domain/AirlineTicket.Modules.Flights.Domain.csproj" />
    <Project Path="src/Modules/v1/Flights/AirlineTicket.Modules.Flights.Infrastructure/AirlineTicket.Modules.Flights.Infrastructure.csproj" />
  </Folder>
  <Folder Name="/src/Modules/v1/Promotions/">
    <Project Path="src/Modules/v1/Promotions/AirlineTicket.Modules.Promotions.Api/AirlineTicket.Modules.Promotions.Api.csproj" />
    <Project Path="src/Modules/v1/Promotions/AirlineTicket.Modules.Promotions.Application/AirlineTicket.Modules.Promotions.Application.csproj" />
    <Project Path="src/Modules/v1/Promotions/AirlineTicket.Modules.Promotions.Domain/AirlineTicket.Modules.Promotions.Domain.csproj" />
    <Project Path="src/Modules/v1/Promotions/AirlineTicket.Modules.Promotions.Infrastructure/AirlineTicket.Modules.Promotions.Infrastructure.csproj" />
  </Folder>
  <Folder Name="/src/Modules/v1/Users/">
    <Project Path="src/Modules/v1/Users/AirlineTicket.Modules.Users.Api/AirlineTicket.Modules.Users.Api.csproj" />
    <Project Path="src/Modules/v1/Users/AirlineTicket.Modules.Users.Application/AirlineTicket.Modules.Users.Application.csproj" />
    <Project Path="src/Modules/v1/Users/AirlineTicket.Modules.Users.Domain/AirlineTicket.Modules.Users.Domain.csproj" />
    <Project Path="src/Modules/v1/Users/AirlineTicket.Modules.Users.Infrastructure/AirlineTicket.Modules.Users.Infrastructure.csproj" />
  </Folder>
  <Folder Name="/src/Modules/v1/Interactions/">
    <Project Path="src/Modules/v1/Interactions/AirlineTicket.Modules.Interactions.Api/AirlineTicket.Modules.Interactions.Api.csproj" />
    <Project Path="src/Modules/v1/Interactions/AirlineTicket.Modules.Interactions.Application/AirlineTicket.Modules.Interactions.Application.csproj" />
    <Project Path="src/Modules/v1/Interactions/AirlineTicket.Modules.Interactions.Domain/AirlineTicket.Modules.Interactions.Domain.csproj" />
    <Project Path="src/Modules/v1/Interactions/AirlineTicket.Modules.Interactions.Infrastructure/AirlineTicket.Modules.Interactions.Infrastructure.csproj" />
  </Folder>
  <Folder Name="/src/Modules/v1/CMS/">
    <Project Path="src/Modules/v1/CMS/AirlineTicket.Modules.CMS.Api/AirlineTicket.Modules.CMS.Api.csproj" />
    <Project Path="src/Modules/v1/CMS/AirlineTicket.Modules.CMS.Application/AirlineTicket.Modules.CMS.Application.csproj" />
    <Project Path="src/Modules/v1/CMS/AirlineTicket.Modules.CMS.Domain/AirlineTicket.Modules.CMS.Domain.csproj" />
    <Project Path="src/Modules/v1/CMS/AirlineTicket.Modules.CMS.Infrastructure/AirlineTicket.Modules.CMS.Infrastructure.csproj" />
  </Folder>
  <Folder Name="/src/Modules/v1/Notifications/">
    <Project Path="src/Modules/v1/Notifications/AirlineTicket.Modules.Notifications.Api/AirlineTicket.Modules.Notifications.Api.csproj" />
    <Project Path="src/Modules/v1/Notifications/AirlineTicket.Modules.Notifications.Application/AirlineTicket.Modules.Notifications.Application.csproj" />
    <Project Path="src/Modules/v1/Notifications/AirlineTicket.Modules.Notifications.Domain/AirlineTicket.Modules.Notifications.Domain.csproj" />
    <Project Path="src/Modules/v1/Notifications/AirlineTicket.Modules.Notifications.Infrastructure/AirlineTicket.Modules.Notifications.Infrastructure.csproj" />
  </Folder>
  <Folder Name="/src/Modules/v1/Logs/">
    <Project Path="src/Modules/v1/Logs/AirlineTicket.Modules.Logs.Api/AirlineTicket.Modules.Logs.Api.csproj" />
    <Project Path="src/Modules/v1/Logs/AirlineTicket.Modules.Logs.Application/AirlineTicket.Modules.Logs.Application.csproj" />
    <Project Path="src/Modules/v1/Logs/AirlineTicket.Modules.Logs.Domain/AirlineTicket.Modules.Logs.Domain.csproj" />
    <Project Path="src/Modules/v1/Logs/AirlineTicket.Modules.Logs.Infrastructure/AirlineTicket.Modules.Logs.Infrastructure.csproj" />
  </Folder>
  <Folder Name="/tests/" />
  <Folder Name="/tests/IntegrationTest/">
    <Project Path="tests/IntegrationTest/Shared/AirlineTicket.IntegrationTests.Shared/AirlineTicket.IntegrationTests.Shared.csproj" />
  </Folder>
  <Folder Name="/tests/IntegrationTest/Bookings/">
    <Project Path="tests/IntegrationTest/Modules/v1/Bookings/AirlineTicket.Modules.Bookings.Api.IntegrationTests/AirlineTicket.Modules.Bookings.Api.IntegrationTests.csproj" />
  </Folder>
  <Folder Name="/tests/IntegrationTest/Flights/">
    <Project Path="tests/IntegrationTest/Modules/v1/Flights/AirlineTicket.Modules.Flights.Api.IntegrationTests/AirlineTicket.Modules.Flights.Api.IntegrationTests.csproj" />
  </Folder>
  <Folder Name="/tests/IntegrationTest/Promotions/">
    <Project Path="tests/IntegrationTest/Modules/v1/Promotions/AirlineTicket.Modules.Promotions.Api.IntegrationTests/AirlineTicket.Modules.Promotions.Api.IntegrationTests.csproj" />
  </Folder>
  <Folder Name="/tests/IntegrationTest/Users/">
    <Project Path="tests/IntegrationTest/Modules/v1/Users/AirlineTicket.Modules.Users.Api.IntegrationTests/AirlineTicket.Modules.Users.Api.IntegrationTests.csproj" />
  </Folder>
  <Folder Name="/tests/IntegrationTest/Notifications/">
    <Project Path="tests/IntegrationTest/Modules/v1/Notifications/AirlineTicket.Modules.Notifications.Api.IntegrationTests/AirlineTicket.Modules.Notifications.Api.IntegrationTests.csproj" />
  </Folder>
  <Folder Name="/tests/IntegrationTest/Interactions/">
    <Project Path="tests/IntegrationTest/Modules/v1/Interactions/AirlineTicket.Modules.Interactions.Api.IntegrationTests/AirlineTicket.Modules.Interactions.Api.IntegrationTests.csproj" />
  </Folder>
  <Folder Name="/tests/IntegrationTest/Logs/">
    <Project Path="tests/IntegrationTest/Modules/v1/Logs/AirlineTicket.Modules.Logs.Api.IntegrationTests/AirlineTicket.Modules.Logs.Api.IntegrationTests.csproj" />
  </Folder>
  <Folder Name="/tests/IntegrationTest/CMS/">
    <Project Path="tests/IntegrationTest/Modules/v1/CMS/AirlineTicket.Modules.CMS.Api.IntegrationTests/AirlineTicket.Modules.CMS.Api.IntegrationTests.csproj" />
  </Folder>
  <Folder Name="/tests/UnitTest/" />
  <Folder Name="/tests/UnitTest/Bookings/">
    <Project Path="tests/UnitTest/Modules/v1/Bookings/AirlineTicket.Modules.Bookings.Application.UnitTests/AirlineTicket.Modules.Bookings.Application.UnitTests.csproj" />
  </Folder>
  <Folder Name="/tests/UnitTest/CMS/">
    <Project Path="tests/UnitTest/Modules/v1/CMS/AirlineTicket.Modules.CMS.Application.UnitTests/AirlineTicket.Modules.CMS.Application.UnitTests.csproj" />
  </Folder>
  <Folder Name="/tests/UnitTest/Flights/">
    <Project Path="tests/UnitTest/Modules/v1/Flights/AirlineTicket.Modules.Flights.Application.UnitTests/AirlineTicket.Modules.Flights.Application.UnitTests.csproj" />
  </Folder>
  <Folder Name="/tests/UnitTest/Interactions/">
    <Project Path="tests/UnitTest/Modules/v1/Interactions/AirlineTicket.Modules.Interactions.Application.UnitTests/AirlineTicket.Modules.Interactions.Application.UnitTests.csproj" />
  </Folder>
  <Folder Name="/tests/UnitTest/Logs/">
    <Project Path="tests/UnitTest/Modules/v1/Logs/AirlineTicket.Modules.Logs.Application.UnitTests/AirlineTicket.Modules.Logs.Application.UnitTests.csproj" />
  </Folder>
  <Folder Name="/tests/UnitTest/Notifications/">
    <Project Path="tests/UnitTest/Modules/v1/Notifications/AirlineTicket.Modules.Notifications.Application.UnitTests/AirlineTicket.Modules.Notifications.Application.UnitTests.csproj" />
  </Folder>
  <Folder Name="/tests/UnitTest/Promotions/">
    <Project Path="tests/UnitTest/Modules/v1/Promotions/AirlineTicket.Modules.Promotions.Application.UnitTests/AirlineTicket.Modules.Promotions.Application.UnitTests.csproj" />
  </Folder>
  <Folder Name="/tests/UnitTest/Users/">
    <Project Path="tests/UnitTest/Modules/v1/Users/AirlineTicket.Modules.Users.Application.UnitTests/AirlineTicket.Modules.Users.Application.UnitTests.csproj" />
  </Folder>
  <Folder Name="/tests/PerformanceTest/">
    <Project Path="tests/PerformanceTest/AirlineTicket.LoadTests/AirlineTicket.LoadTests.csproj" />
    <Project Path="tests/PerformanceTest/AirlineTicket.Benchmarks/AirlineTicket.Benchmarks.csproj" />
  </Folder>
</Solution>
